// !$*UTF8*$!
{
	archiveVersion = 1;
	classes = {
	};
	objectVersion = 50;
	objects = {

/* Begin PBXBuildFile section */
		58E7CA5028507F540083AF85 /* AppDelegate.m in Sources */ = {isa = PBXBuildFile; fileRef = 58E7CA4F28507F540083AF85 /* AppDelegate.m */; };
		58E7CA5328507F540083AF85 /* SceneDelegate.m in Sources */ = {isa = PBXBuildFile; fileRef = 58E7CA5228507F540083AF85 /* SceneDelegate.m */; };
		58E7CA5628507F540083AF85 /* ViewController.m in Sources */ = {isa = PBXBuildFile; fileRef = 58E7CA5528507F540083AF85 /* ViewController.m */; };
		58E7CA5928507F540083AF85 /* Main.storyboard in Resources */ = {isa = PBXBuildFile; fileRef = 58E7CA5728507F540083AF85 /* Main.storyboard */; };
		58E7CA5B28507F560083AF85 /* Assets.xcassets in Resources */ = {isa = PBXBuildFile; fileRef = 58E7CA5A28507F560083AF85 /* Assets.xcassets */; };
		58E7CA5E28507F560083AF85 /* LaunchScreen.storyboard in Resources */ = {isa = PBXBuildFile; fileRef = 58E7CA5C28507F560083AF85 /* LaunchScreen.storyboard */; };
		58E7CA6128507F560083AF85 /* main.m in Sources */ = {isa = PBXBuildFile; fileRef = 58E7CA6028507F560083AF85 /* main.m */; };
		58E7CA6C2850801F0083AF85 /* LCToastManager.m in Sources */ = {isa = PBXBuildFile; fileRef = 58E7CA682850801F0083AF85 /* LCToastManager.m */; };
		58E7CA6D2850801F0083AF85 /* UIView+LCToast.m in Sources */ = {isa = PBXBuildFile; fileRef = 58E7CA692850801F0083AF85 /* UIView+LCToast.m */; };
/* End PBXBuildFile section */

/* Begin PBXFileReference section */
		58E7CA4B28507F540083AF85 /* LCToast.app */ = {isa = PBXFileReference; explicitFileType = wrapper.application; includeInIndex = 0; path = LCToast.app; sourceTree = BUILT_PRODUCTS_DIR; };
		58E7CA4E28507F540083AF85 /* AppDelegate.h */ = {isa = PBXFileReference; lastKnownFileType = sourcecode.c.h; path = AppDelegate.h; sourceTree = "<group>"; };
		58E7CA4F28507F540083AF85 /* AppDelegate.m */ = {isa = PBXFileReference; lastKnownFileType = sourcecode.c.objc; path = AppDelegate.m; sourceTree = "<group>"; };
		58E7CA5128507F540083AF85 /* SceneDelegate.h */ = {isa = PBXFileReference; lastKnownFileType = sourcecode.c.h; path = SceneDelegate.h; sourceTree = "<group>"; };
		58E7CA5228507F540083AF85 /* SceneDelegate.m */ = {isa = PBXFileReference; lastKnownFileType = sourcecode.c.objc; path = SceneDelegate.m; sourceTree = "<group>"; };
		58E7CA5428507F540083AF85 /* ViewController.h */ = {isa = PBXFileReference; lastKnownFileType = sourcecode.c.h; path = ViewController.h; sourceTree = "<group>"; };
		58E7CA5528507F540083AF85 /* ViewController.m */ = {isa = PBXFileReference; lastKnownFileType = sourcecode.c.objc; path = ViewController.m; sourceTree = "<group>"; };
		58E7CA5828507F540083AF85 /* Base */ = {isa = PBXFileReference; lastKnownFileType = file.storyboard; name = Base; path = Base.lproj/Main.storyboard; sourceTree = "<group>"; };
		58E7CA5A28507F560083AF85 /* Assets.xcassets */ = {isa = PBXFileReference; lastKnownFileType = folder.assetcatalog; path = Assets.xcassets; sourceTree = "<group>"; };
		58E7CA5D28507F560083AF85 /* Base */ = {isa = PBXFileReference; lastKnownFileType = file.storyboard; name = Base; path = Base.lproj/LaunchScreen.storyboard; sourceTree = "<group>"; };
		58E7CA5F28507F560083AF85 /* Info.plist */ = {isa = PBXFileReference; lastKnownFileType = text.plist.xml; path = Info.plist; sourceTree = "<group>"; };
		58E7CA6028507F560083AF85 /* main.m */ = {isa = PBXFileReference; lastKnownFileType = sourcecode.c.objc; path = main.m; sourceTree = "<group>"; };
		58E7CA682850801F0083AF85 /* LCToastManager.m */ = {isa = PBXFileReference; fileEncoding = 4; lastKnownFileType = sourcecode.c.objc; path = LCToastManager.m; sourceTree = "<group>"; };
		58E7CA692850801F0083AF85 /* UIView+LCToast.m */ = {isa = PBXFileReference; fileEncoding = 4; lastKnownFileType = sourcecode.c.objc; path = "UIView+LCToast.m"; sourceTree = "<group>"; };
		58E7CA6A2850801F0083AF85 /* UIView+LCToast.h */ = {isa = PBXFileReference; fileEncoding = 4; lastKnownFileType = sourcecode.c.h; path = "UIView+LCToast.h"; sourceTree = "<group>"; };
		58E7CA6B2850801F0083AF85 /* LCToastManager.h */ = {isa = PBXFileReference; fileEncoding = 4; lastKnownFileType = sourcecode.c.h; path = LCToastManager.h; sourceTree = "<group>"; };
/* End PBXFileReference section */

/* Begin PBXFrameworksBuildPhase section */
		58E7CA4828507F540083AF85 /* Frameworks */ = {
			isa = PBXFrameworksBuildPhase;
			buildActionMask = 2147483647;
			files = (
			);
			runOnlyForDeploymentPostprocessing = 0;
		};
/* End PBXFrameworksBuildPhase section */

/* Begin PBXGroup section */
		58E7CA4228507F540083AF85 = {
			isa = PBXGroup;
			children = (
				58E7CA4D28507F540083AF85 /* LCToast */,
				58E7CA4C28507F540083AF85 /* Products */,
			);
			sourceTree = "<group>";
		};
		58E7CA4C28507F540083AF85 /* Products */ = {
			isa = PBXGroup;
			children = (
				58E7CA4B28507F540083AF85 /* LCToast.app */,
			);
			name = Products;
			sourceTree = "<group>";
		};
		58E7CA4D28507F540083AF85 /* LCToast */ = {
			isa = PBXGroup;
			children = (
				58E7CA672850801F0083AF85 /* LCToast */,
				58E7CA4E28507F540083AF85 /* AppDelegate.h */,
				58E7CA4F28507F540083AF85 /* AppDelegate.m */,
				58E7CA5128507F540083AF85 /* SceneDelegate.h */,
				58E7CA5228507F540083AF85 /* SceneDelegate.m */,
				58E7CA5428507F540083AF85 /* ViewController.h */,
				58E7CA5528507F540083AF85 /* ViewController.m */,
				58E7CA5728507F540083AF85 /* Main.storyboard */,
				58E7CA5A28507F560083AF85 /* Assets.xcassets */,
				58E7CA5C28507F560083AF85 /* LaunchScreen.storyboard */,
				58E7CA5F28507F560083AF85 /* Info.plist */,
				58E7CA6028507F560083AF85 /* main.m */,
			);
			path = LCToast;
			sourceTree = "<group>";
		};
		58E7CA672850801F0083AF85 /* LCToast */ = {
			isa = PBXGroup;
			children = (
				58E7CA6B2850801F0083AF85 /* LCToastManager.h */,
				58E7CA682850801F0083AF85 /* LCToastManager.m */,
				58E7CA6A2850801F0083AF85 /* UIView+LCToast.h */,
				58E7CA692850801F0083AF85 /* UIView+LCToast.m */,
			);
			name = LCToast;
			path = ../../LCToast;
			sourceTree = "<group>";
		};
/* End PBXGroup section */

/* Begin PBXNativeTarget section */
		58E7CA4A28507F540083AF85 /* LCToast */ = {
			isa = PBXNativeTarget;
			buildConfigurationList = 58E7CA6428507F560083AF85 /* Build configuration list for PBXNativeTarget "LCToast" */;
			buildPhases = (
				58E7CA4728507F540083AF85 /* Sources */,
				58E7CA4828507F540083AF85 /* Frameworks */,
				58E7CA4928507F540083AF85 /* Resources */,
			);
			buildRules = (
			);
			dependencies = (
			);
			name = LCToast;
			productName = LCToast;
			productReference = 58E7CA4B28507F540083AF85 /* LCToast.app */;
			productType = "com.apple.product-type.application";
		};
/* End PBXNativeTarget section */

/* Begin PBXProject section */
		58E7CA4328507F540083AF85 /* Project object */ = {
			isa = PBXProject;
			attributes = {
				LastUpgradeCheck = 1250;
				TargetAttributes = {
					58E7CA4A28507F540083AF85 = {
						CreatedOnToolsVersion = 12.5.1;
					};
				};
			};
			buildConfigurationList = 58E7CA4628507F540083AF85 /* Build configuration list for PBXProject "LCToast" */;
			compatibilityVersion = "Xcode 9.3";
			developmentRegion = en;
			hasScannedForEncodings = 0;
			knownRegions = (
				en,
				Base,
			);
			mainGroup = 58E7CA4228507F540083AF85;
			productRefGroup = 58E7CA4C28507F540083AF85 /* Products */;
			projectDirPath = "";
			projectRoot = "";
			targets = (
				58E7CA4A28507F540083AF85 /* LCToast */,
			);
		};
/* End PBXProject section */

/* Begin PBXResourcesBuildPhase section */
		58E7CA4928507F540083AF85 /* Resources */ = {
			isa = PBXResourcesBuildPhase;
			buildActionMask = 2147483647;
			files = (
				58E7CA5E28507F560083AF85 /* LaunchScreen.storyboard in Resources */,
				58E7CA5B28507F560083AF85 /* Assets.xcassets in Resources */,
				58E7CA5928507F540083AF85 /* Main.storyboard in Resources */,
			);
			runOnlyForDeploymentPostprocessing = 0;
		};
/* End PBXResourcesBuildPhase section */

/* Begin PBXSourcesBuildPhase section */
		58E7CA4728507F540083AF85 /* Sources */ = {
			isa = PBXSourcesBuildPhase;
			buildActionMask = 2147483647;
			files = (
				58E7CA6C2850801F0083AF85 /* LCToastManager.m in Sources */,
				58E7CA5628507F540083AF85 /* ViewController.m in Sources */,
				58E7CA5028507F540083AF85 /* AppDelegate.m in Sources */,
				58E7CA6128507F560083AF85 /* main.m in Sources */,
				58E7CA5328507F540083AF85 /* SceneDelegate.m in Sources */,
				58E7CA6D2850801F0083AF85 /* UIView+LCToast.m in Sources */,
			);
			runOnlyForDeploymentPostprocessing = 0;
		};
/* End PBXSourcesBuildPhase section */

/* Begin PBXVariantGroup section */
		58E7CA5728507F540083AF85 /* Main.storyboard */ = {
			isa = PBXVariantGroup;
			children = (
				58E7CA5828507F540083AF85 /* Base */,
			);
			name = Main.storyboard;
			sourceTree = "<group>";
		};
		58E7CA5C28507F560083AF85 /* LaunchScreen.storyboard */ = {
			isa = PBXVariantGroup;
			children = (
				58E7CA5D28507F560083AF85 /* Base */,
			);
			name = LaunchScreen.storyboard;
			sourceTree = "<group>";
		};
/* End PBXVariantGroup section */

/* Begin XCBuildConfiguration section */
		58E7CA6228507F560083AF85 /* Debug */ = {
			isa = XCBuildConfiguration;
			buildSettings = {
				ALWAYS_SEARCH_USER_PATHS = NO;
				CLANG_ANALYZER_NONNULL = YES;
				CLANG_ANALYZER_NUMBER_OBJECT_CONVERSION = YES_AGGRESSIVE;
				CLANG_CXX_LANGUAGE_STANDARD = "gnu++14";
				CLANG_CXX_LIBRARY = "libc++";
				CLANG_ENABLE_MODULES = YES;
				CLANG_ENABLE_OBJC_ARC = YES;
				CLANG_ENABLE_OBJC_WEAK = YES;
				CLANG_WARN_BLOCK_CAPTURE_AUTORELEASING = YES;
				CLANG_WARN_BOOL_CONVERSION = YES;
				CLANG_WARN_COMMA = YES;
				CLANG_WARN_CONSTANT_CONVERSION = YES;
				CLANG_WARN_DEPRECATED_OBJC_IMPLEMENTATIONS = YES;
				CLANG_WARN_DIRECT_OBJC_ISA_USAGE = YES_ERROR;
				CLANG_WARN_DOCUMENTATION_COMMENTS = YES;
				CLANG_WARN_EMPTY_BODY = YES;
				CLANG_WARN_ENUM_CONVERSION = YES;
				CLANG_WARN_INFINITE_RECURSION = YES;
				CLANG_WARN_INT_CONVERSION = YES;
				CLANG_WARN_NON_LITERAL_NULL_CONVERSION = YES;
				CLANG_WARN_OBJC_IMPLICIT_RETAIN_SELF = YES;
				CLANG_WARN_OBJC_LITERAL_CONVERSION = YES;
				CLANG_WARN_OBJC_ROOT_CLASS = YES_ERROR;
				CLANG_WARN_QUOTED_INCLUDE_IN_FRAMEWORK_HEADER = YES;
				CLANG_WARN_RANGE_LOOP_ANALYSIS = YES;
				CLANG_WARN_STRICT_PROTOTYPES = YES;
				CLANG_WARN_SUSPICIOUS_MOVE = YES;
				CLANG_WARN_UNGUARDED_AVAILABILITY = YES_AGGRESSIVE;
				CLANG_WARN_UNREACHABLE_CODE = YES;
				CLANG_WARN__DUPLICATE_METHOD_MATCH = YES;
				COPY_PHASE_STRIP = NO;
				DEBUG_INFORMATION_FORMAT = dwarf;
				ENABLE_STRICT_OBJC_MSGSEND = YES;
				ENABLE_TESTABILITY = YES;
				GCC_C_LANGUAGE_STANDARD = gnu11;
				GCC_DYNAMIC_NO_PIC = NO;
				GCC_NO_COMMON_BLOCKS = YES;
				GCC_OPTIMIZATION_LEVEL = 0;
				GCC_PREPROCESSOR_DEFINITIONS = (
					"DEBUG=1",
					"$(inherited)",
				);
				GCC_WARN_64_TO_32_BIT_CONVERSION = YES;
				GCC_WARN_ABOUT_RETURN_TYPE = YES_ERROR;
				GCC_WARN_UNDECLARED_SELECTOR = YES;
				GCC_WARN_UNINITIALIZED_AUTOS = YES_AGGRESSIVE;
				GCC_WARN_UNUSED_FUNCTION = YES;
				GCC_WARN_UNUSED_VARIABLE = YES;
				IPHONEOS_DEPLOYMENT_TARGET = 14.5;
				MTL_ENABLE_DEBUG_INFO = INCLUDE_SOURCE;
				MTL_FAST_MATH = YES;
				ONLY_ACTIVE_ARCH = YES;
				SDKROOT = iphoneos;
			};
			name = Debug;
		};
		58E7CA6328507F560083AF85 /* Release */ = {
			isa = XCBuildConfiguration;
			buildSettings = {
				ALWAYS_SEARCH_USER_PATHS = NO;
				CLANG_ANALYZER_NONNULL = YES;
				CLANG_ANALYZER_NUMBER_OBJECT_CONVERSION = YES_AGGRESSIVE;
				CLANG_CXX_LANGUAGE_STANDARD = "gnu++14";
				CLANG_CXX_LIBRARY = "libc++";
				CLANG_ENABLE_MODULES = YES;
				CLANG_ENABLE_OBJC_ARC = YES;
				CLANG_ENABLE_OBJC_WEAK = YES;
				CLANG_WARN_BLOCK_CAPTURE_AUTORELEASING = YES;
				CLANG_WARN_BOOL_CONVERSION = YES;
				CLANG_WARN_COMMA = YES;
				CLANG_WARN_CONSTANT_CONVERSION = YES;
				CLANG_WARN_DEPRECATED_OBJC_IMPLEMENTATIONS = YES;
				CLANG_WARN_DIRECT_OBJC_ISA_USAGE = YES_ERROR;
				CLANG_WARN_DOCUMENTATION_COMMENTS = YES;
				CLANG_WARN_EMPTY_BODY = YES;
				CLANG_WARN_ENUM_CONVERSION = YES;
				CLANG_WARN_INFINITE_RECURSION = YES;
				CLANG_WARN_INT_CONVERSION = YES;
				CLANG_WARN_NON_LITERAL_NULL_CONVERSION = YES;
				CLANG_WARN_OBJC_IMPLICIT_RETAIN_SELF = YES;
				CLANG_WARN_OBJC_LITERAL_CONVERSION = YES;
				CLANG_WARN_OBJC_ROOT_CLASS = YES_ERROR;
				CLANG_WARN_QUOTED_INCLUDE_IN_FRAMEWORK_HEADER = YES;
				CLANG_WARN_RANGE_LOOP_ANALYSIS = YES;
				CLANG_WARN_STRICT_PROTOTYPES = YES;
				CLANG_WARN_SUSPICIOUS_MOVE = YES;
				CLANG_WARN_UNGUARDED_AVAILABILITY = YES_AGGRESSIVE;
				CLANG_WARN_UNREACHABLE_CODE = YES;
				CLANG_WARN__DUPLICATE_METHOD_MATCH = YES;
				COPY_PHASE_STRIP = NO;
				DEBUG_INFORMATION_FORMAT = "dwarf-with-dsym";
				ENABLE_NS_ASSERTIONS = NO;
				ENABLE_STRICT_OBJC_MSGSEND = YES;
				GCC_C_LANGUAGE_STANDARD = gnu11;
				GCC_NO_COMMON_BLOCKS = YES;
				GCC_WARN_64_TO_32_BIT_CONVERSION = YES;
				GCC_WARN_ABOUT_RETURN_TYPE = YES_ERROR;
				GCC_WARN_UNDECLARED_SELECTOR = YES;
				GCC_WARN_UNINITIALIZED_AUTOS = YES_AGGRESSIVE;
				GCC_WARN_UNUSED_FUNCTION = YES;
				GCC_WARN_UNUSED_VARIABLE = YES;
				IPHONEOS_DEPLOYMENT_TARGET = 14.5;
				MTL_ENABLE_DEBUG_INFO = NO;
				MTL_FAST_MATH = YES;
				SDKROOT = iphoneos;
				VALIDATE_PRODUCT = YES;
			};
			name = Release;
		};
		58E7CA6528507F560083AF85 /* Debug */ = {
			isa = XCBuildConfiguration;
			buildSettings = {
				ASSETCATALOG_COMPILER_APPICON_NAME = AppIcon;
				ASSETCATALOG_COMPILER_GLOBAL_ACCENT_COLOR_NAME = AccentColor;
				CODE_SIGN_STYLE = Automatic;
				INFOPLIST_FILE = LCToast/Info.plist;
				LD_RUNPATH_SEARCH_PATHS = (
					"$(inherited)",
					"@executable_path/Frameworks",
				);
				PRODUCT_BUNDLE_IDENTIFIER = liuchang.LCToast;
				PRODUCT_NAME = "$(TARGET_NAME)";
				TARGETED_DEVICE_FAMILY = "1,2";
			};
			name = Debug;
		};
		58E7CA6628507F560083AF85 /* Release */ = {
			isa = XCBuildConfiguration;
			buildSettings = {
				ASSETCATALOG_COMPILER_APPICON_NAME = AppIcon;
				ASSETCATALOG_COMPILER_GLOBAL_ACCENT_COLOR_NAME = AccentColor;
				CODE_SIGN_STYLE = Automatic;
				INFOPLIST_FILE = LCToast/Info.plist;
				LD_RUNPATH_SEARCH_PATHS = (
					"$(inherited)",
					"@executable_path/Frameworks",
				);
				PRODUCT_BUNDLE_IDENTIFIER = liuchang.LCToast;
				PRODUCT_NAME = "$(TARGET_NAME)";
				TARGETED_DEVICE_FAMILY = "1,2";
			};
			name = Release;
		};
/* End XCBuildConfiguration section */

/* Begin XCConfigurationList section */
		58E7CA4628507F540083AF85 /* Build configuration list for PBXProject "LCToast" */ = {
			isa = XCConfigurationList;
			buildConfigurations = (
				58E7CA6228507F560083AF85 /* Debug */,
				58E7CA6328507F560083AF85 /* Release */,
			);
			defaultConfigurationIsVisible = 0;
			defaultConfigurationName = Release;
		};
		58E7CA6428507F560083AF85 /* Build configuration list for PBXNativeTarget "LCToast" */ = {
			isa = XCConfigurationList;
			buildConfigurations = (
				58E7CA6528507F560083AF85 /* Debug */,
				58E7CA6628507F560083AF85 /* Release */,
			);
			defaultConfigurationIsVisible = 0;
			defaultConfigurationName = Release;
		};
/* End XCConfigurationList section */
	};
	rootObject = 58E7CA4328507F540083AF85 /* Project object */;
}
